
Microsoft Visual Studio Solution File, Format Version 12.00
# Visual Studio Version 17
VisualStudioVersion = 17.0.31808.319
MinimumVisualStudioVersion = 10.0.40219.1
Project("{9A19103F-16F7-4668-BE54-9A1E7A4F7556}") = "WebApp-IdentityProvider-MFA", "WebApp-IdentityProvider-MFA\WebApp-IdentityProvider-MFA.csproj", "{F3FEEFD5-9AC2-4326-86AA-BF088ACB19C2}"
EndProject
Global
	GlobalSection(SolutionConfigurationPlatforms) = preSolution
		Debug|Any CPU = Debug|Any CPU
		Release|Any CPU = Release|Any CPU
	EndGlobalSection
	GlobalSection(ProjectConfigurationPlatforms) = postSolution
		{F3FEEFD5-9AC2-4326-86AA-BF088ACB19C2}.Debug|Any CPU.ActiveCfg = Debug|Any CPU
		{F3FEEFD5-9AC2-4326-86AA-BF088ACB19C2}.Debug|Any CPU.Build.0 = Debug|Any CPU
		{F3FEEFD5-9AC2-4326-86AA-BF088ACB19C2}.Release|Any CPU.ActiveCfg = Release|Any CPU
		{F3FEEFD5-9AC2-4326-86AA-BF088ACB19C2}.Release|Any CPU.Build.0 = Release|Any CPU
	EndGlobalSection
	GlobalSection(SolutionProperties) = preSolution
		HideSolutionNode = FALSE
	EndGlobalSection
	GlobalSection(ExtensibilityGlobals) = postSolution
		SolutionGuid = {F9AAABA3-B0ED-44D2-8D6D-02F3D93CCF83}
	EndGlobalSection
EndGlobal
